
Microsoft Visual Studio Solution File, Format Version 12.00
# Visual Studio 15
VisualStudioVersion = 15.0.28010.2016
MinimumVisualStudioVersion = 10.0.40219.1
Project("{9A19103F-16F7-4668-BE54-9A1E7A4F7556}") = "AutomationManager", "AutomationManager\AutomationManager.csproj", "{911404CA-7301-4EBF-BCF1-683BA9E62ECF}"
EndProject
Project("{9A19103F-16F7-4668-BE54-9A1E7A4F7556}") = "AM-TaskScheduler", "AM-TaskScheduler\AM-TaskScheduler.csproj", "{1E7C52AC-395B-4F4A-AE25-3E0EF0ED4CCD}"
EndProject
Project("{9A19103F-16F7-4668-BE54-9A1E7A4F7556}") = "AM-SqlServer", "AM-SqlServer\AM-SqlServer.csproj", "{0E319F79-8F71-4232-B536-1A69BF1E0A1D}"
EndProject
Project("{9A19103F-16F7-4668-BE54-9A1E7A4F7556}") = "AM-CustomJobs", "AM-CustomJobs\AM-CustomJobs.csproj", "{65BAC2D0-4A89-4F85-94FB-17519EB7A24C}"
EndProject
Project("{9A19103F-16F7-4668-BE54-9A1E7A4F7556}") = "AutomationManagerTests", "AutomationManagerTests\AutomationManagerTests.csproj", "{32731DCA-1848-4128-8487-E8696EF48C0A}"
EndProject
Project("{FAE04EC0-301F-11D3-BF4B-00C04F79EFBC}") = "AM-History", "AM-History\AM-History.csproj", "{0BFC435F-C7DA-485B-9391-503309BE575D}"
EndProject
Global
	GlobalSection(SolutionConfigurationPlatforms) = preSolution
		Debug|Any CPU = Debug|Any CPU
		Release|Any CPU = Release|Any CPU
	EndGlobalSection
	GlobalSection(ProjectConfigurationPlatforms) = postSolution
		{911404CA-7301-4EBF-BCF1-683BA9E62ECF}.Debug|Any CPU.ActiveCfg = Debug|Any CPU
		{911404CA-7301-4EBF-BCF1-683BA9E62ECF}.Debug|Any CPU.Build.0 = Debug|Any CPU
		{911404CA-7301-4EBF-BCF1-683BA9E62ECF}.Release|Any CPU.ActiveCfg = Release|Any CPU
		{911404CA-7301-4EBF-BCF1-683BA9E62ECF}.Release|Any CPU.Build.0 = Release|Any CPU
		{1E7C52AC-395B-4F4A-AE25-3E0EF0ED4CCD}.Debug|Any CPU.ActiveCfg = Debug|Any CPU
		{1E7C52AC-395B-4F4A-AE25-3E0EF0ED4CCD}.Debug|Any CPU.Build.0 = Debug|Any CPU
		{1E7C52AC-395B-4F4A-AE25-3E0EF0ED4CCD}.Release|Any CPU.ActiveCfg = Release|Any CPU
		{1E7C52AC-395B-4F4A-AE25-3E0EF0ED4CCD}.Release|Any CPU.Build.0 = Release|Any CPU
		{0E319F79-8F71-4232-B536-1A69BF1E0A1D}.Debug|Any CPU.ActiveCfg = Debug|Any CPU
		{0E319F79-8F71-4232-B536-1A69BF1E0A1D}.Debug|Any CPU.Build.0 = Debug|Any CPU
		{0E319F79-8F71-4232-B536-1A69BF1E0A1D}.Release|Any CPU.ActiveCfg = Release|Any CPU
		{0E319F79-8F71-4232-B536-1A69BF1E0A1D}.Release|Any CPU.Build.0 = Release|Any CPU
		{65BAC2D0-4A89-4F85-94FB-17519EB7A24C}.Debug|Any CPU.ActiveCfg = Debug|Any CPU
		{65BAC2D0-4A89-4F85-94FB-17519EB7A24C}.Debug|Any CPU.Build.0 = Debug|Any CPU
		{65BAC2D0-4A89-4F85-94FB-17519EB7A24C}.Release|Any CPU.ActiveCfg = Release|Any CPU
		{65BAC2D0-4A89-4F85-94FB-17519EB7A24C}.Release|Any CPU.Build.0 = Release|Any CPU
		{32731DCA-1848-4128-8487-E8696EF48C0A}.Debug|Any CPU.ActiveCfg = Debug|Any CPU
		{32731DCA-1848-4128-8487-E8696EF48C0A}.Debug|Any CPU.Build.0 = Debug|Any CPU
		{32731DCA-1848-4128-8487-E8696EF48C0A}.Release|Any CPU.ActiveCfg = Release|Any CPU
		{32731DCA-1848-4128-8487-E8696EF48C0A}.Release|Any CPU.Build.0 = Release|Any CPU
		{0BFC435F-C7DA-485B-9391-503309BE575D}.Debug|Any CPU.ActiveCfg = Debug|Any CPU
		{0BFC435F-C7DA-485B-9391-503309BE575D}.Debug|Any CPU.Build.0 = Debug|Any CPU
		{0BFC435F-C7DA-485B-9391-503309BE575D}.Release|Any CPU.ActiveCfg = Release|Any CPU
		{0BFC435F-C7DA-485B-9391-503309BE575D}.Release|Any CPU.Build.0 = Release|Any CPU
	EndGlobalSection
	GlobalSection(SolutionProperties) = preSolution
		HideSolutionNode = FALSE
	EndGlobalSection
	GlobalSection(ExtensibilityGlobals) = postSolution
		SolutionGuid = {2FF78DC5-E3C0-4EC7-AA45-58A12F66BE88}
	EndGlobalSection
EndGlobal
